// !$*UTF8*$!
{
	archiveVersion = 1;
	classes = {
	};
	objectVersion = 50;
	objects = {

/* Begin PBXBuildFile section */
		81065FFB2613F55A00B4BB76 /* AppDelegate.swift in Sources */ = {isa = PBXBuildFile; fileRef = 81065FFA2613F55A00B4BB76 /* AppDelegate.swift */; };
		81065FFD2613F55A00B4BB76 /* SceneDelegate.swift in Sources */ = {isa = PBXBuildFile; fileRef = 81065FFC2613F55A00B4BB76 /* SceneDelegate.swift */; };
		81065FFF2613F55A00B4BB76 /* ViewController.swift in Sources */ = {isa = PBXBuildFile; fileRef = 81065FFE2613F55A00B4BB76 /* ViewController.swift */; };
		810660022613F55A00B4BB76 /* Main.storyboard in Resources */ = {isa = PBXBuildFile; fileRef = 810660002613F55A00B4BB76 /* Main.storyboard */; };
		810660042613F55E00B4BB76 /* Assets.xcassets in Resources */ = {isa = PBXBuildFile; fileRef = 810660032613F55E00B4BB76 /* Assets.xcassets */; };
		810660072613F55E00B4BB76 /* LaunchScreen.storyboard in Resources */ = {isa = PBXBuildFile; fileRef = 810660052613F55E00B4BB76 /* LaunchScreen.storyboard */; };
		810660102613FBE400B4BB76 /* MovieCell.swift in Sources */ = {isa = PBXBuildFile; fileRef = 8106600F2613FBE400B4BB76 /* MovieCell.swift */; };
		810660132614006A00B4BB76 /* DetailViewController.swift in Sources */ = {isa = PBXBuildFile; fileRef = 810660122614006A00B4BB76 /* DetailViewController.swift */; };
		81D2A976261D34240016961D /* MoviesJSON.swift in Sources */ = {isa = PBXBuildFile; fileRef = 81D2A975261D34240016961D /* MoviesJSON.swift */; };
		81D2A979261D34840016961D /* MovieResult.swift in Sources */ = {isa = PBXBuildFile; fileRef = 81D2A978261D34840016961D /* MovieResult.swift */; };
/* End PBXBuildFile section */

/* Begin PBXFileReference section */
		81065FF72613F55A00B4BB76 /* RUMADMoviesApp.app */ = {isa = PBXFileReference; explicitFileType = wrapper.application; includeInIndex = 0; path = RUMADMoviesApp.app; sourceTree = BUILT_PRODUCTS_DIR; };
		81065FFA2613F55A00B4BB76 /* AppDelegate.swift */ = {isa = PBXFileReference; lastKnownFileType = sourcecode.swift; path = AppDelegate.swift; sourceTree = "<group>"; };
		81065FFC2613F55A00B4BB76 /* SceneDelegate.swift */ = {isa = PBXFileReference; lastKnownFileType = sourcecode.swift; path = SceneDelegate.swift; sourceTree = "<group>"; };
		81065FFE2613F55A00B4BB76 /* ViewController.swift */ = {isa = PBXFileReference; lastKnownFileType = sourcecode.swift; path = ViewController.swift; sourceTree = "<group>"; };
		810660012613F55A00B4BB76 /* Base */ = {isa = PBXFileReference; lastKnownFileType = file.storyboard; name = Base; path = Base.lproj/Main.storyboard; sourceTree = "<group>"; };
		810660032613F55E00B4BB76 /* Assets.xcassets */ = {isa = PBXFileReference; lastKnownFileType = folder.assetcatalog; path = Assets.xcassets; sourceTree = "<group>"; };
		810660062613F55E00B4BB76 /* Base */ = {isa = PBXFileReference; lastKnownFileType = file.storyboard; name = Base; path = Base.lproj/LaunchScreen.storyboard; sourceTree = "<group>"; };
		810660082613F55E00B4BB76 /* Info.plist */ = {isa = PBXFileReference; lastKnownFileType = text.plist.xml; path = Info.plist; sourceTree = "<group>"; };
		8106600F2613FBE400B4BB76 /* MovieCell.swift */ = {isa = PBXFileReference; lastKnownFileType = sourcecode.swift; path = MovieCell.swift; sourceTree = "<group>"; };
		810660122614006A00B4BB76 /* DetailViewController.swift */ = {isa = PBXFileReference; lastKnownFileType = sourcecode.swift; path = DetailViewController.swift; sourceTree = "<group>"; };
		81D2A975261D34240016961D /* MoviesJSON.swift */ = {isa = PBXFileReference; lastKnownFileType = sourcecode.swift; path = MoviesJSON.swift; sourceTree = "<group>"; };
		81D2A978261D34840016961D /* MovieResult.swift */ = {isa = PBXFileReference; lastKnownFileType = sourcecode.swift; path = MovieResult.swift; sourceTree = "<group>"; };
/* End PBXFileReference section */

/* Begin PBXFrameworksBuildPhase section */
		81065FF42613F55A00B4BB76 /* Frameworks */ = {
			isa = PBXFrameworksBuildPhase;
			buildActionMask = 2147483647;
			files = (
			);
			runOnlyForDeploymentPostprocessing = 0;
		};
/* End PBXFrameworksBuildPhase section */

/* Begin PBXGroup section */
		81065FEE2613F55A00B4BB76 = {
			isa = PBXGroup;
			children = (
				81065FF92613F55A00B4BB76 /* RUMADMoviesApp */,
				81065FF82613F55A00B4BB76 /* Products */,
			);
			sourceTree = "<group>";
		};
		81065FF82613F55A00B4BB76 /* Products */ = {
			isa = PBXGroup;
			children = (
				81065FF72613F55A00B4BB76 /* RUMADMoviesApp.app */,
			);
			name = Products;
			sourceTree = "<group>";
		};
		81065FF92613F55A00B4BB76 /* RUMADMoviesApp */ = {
			isa = PBXGroup;
			children = (
				81D2A97B261D351F0016961D /* Model */,
				81065FFA2613F55A00B4BB76 /* AppDelegate.swift */,
				81065FFC2613F55A00B4BB76 /* SceneDelegate.swift */,
				81065FFE2613F55A00B4BB76 /* ViewController.swift */,
				8106600F2613FBE400B4BB76 /* MovieCell.swift */,
				810660002613F55A00B4BB76 /* Main.storyboard */,
				810660122614006A00B4BB76 /* DetailViewController.swift */,
				810660032613F55E00B4BB76 /* Assets.xcassets */,
				810660052613F55E00B4BB76 /* LaunchScreen.storyboard */,
				810660082613F55E00B4BB76 /* Info.plist */,
			);
			path = RUMADMoviesApp;
			sourceTree = "<group>";
		};
		81D2A97B261D351F0016961D /* Model */ = {
			isa = PBXGroup;
			children = (
				81D2A975261D34240016961D /* MoviesJSON.swift */,
				81D2A978261D34840016961D /* MovieResult.swift */,
			);
			path = Model;
			sourceTree = "<group>";
		};
/* End PBXGroup section */

/* Begin PBXNativeTarget section */
		81065FF62613F55A00B4BB76 /* RUMADMoviesApp */ = {
			isa = PBXNativeTarget;
			buildConfigurationList = 8106600B2613F55E00B4BB76 /* Build configuration list for PBXNativeTarget "RUMADMoviesApp" */;
			buildPhases = (
				81065FF32613F55A00B4BB76 /* Sources */,
				81065FF42613F55A00B4BB76 /* Frameworks */,
				81065FF52613F55A00B4BB76 /* Resources */,
			);
			buildRules = (
			);
			dependencies = (
			);
			name = RUMADMoviesApp;
			productName = RUMADMoviesApp;
			productReference = 81065FF72613F55A00B4BB76 /* RUMADMoviesApp.app */;
			productType = "com.apple.product-type.application";
		};
/* End PBXNativeTarget section */

/* Begin PBXProject section */
		81065FEF2613F55A00B4BB76 /* Project object */ = {
			isa = PBXProject;
			attributes = {
				LastSwiftUpdateCheck = 1240;
				LastUpgradeCheck = 1240;
				TargetAttributes = {
					81065FF62613F55A00B4BB76 = {
						CreatedOnToolsVersion = 12.4;
					};
				};
			};
			buildConfigurationList = 81065FF22613F55A00B4BB76 /* Build configuration list for PBXProject "RUMADMoviesApp" */;
			compatibilityVersion = "Xcode 9.3";
			developmentRegion = en;
			hasScannedForEncodings = 0;
			knownRegions = (
				en,
				Base,
			);
			mainGroup = 81065FEE2613F55A00B4BB76;
			productRefGroup = 81065FF82613F55A00B4BB76 /* Products */;
			projectDirPath = "";
			projectRoot = "";
			targets = (
				81065FF62613F55A00B4BB76 /* RUMADMoviesApp */,
			);
		};
/* End PBXProject section */

/* Begin PBXResourcesBuildPhase section */
		81065FF52613F55A00B4BB76 /* Resources */ = {
			isa = PBXResourcesBuildPhase;
			buildActionMask = 2147483647;
			files = (
				810660072613F55E00B4BB76 /* LaunchScreen.storyboard in Resources */,
				810660042613F55E00B4BB76 /* Assets.xcassets in Resources */,
				810660022613F55A00B4BB76 /* Main.storyboard in Resources */,
			);
			runOnlyForDeploymentPostprocessing = 0;
		};
/* End PBXResourcesBuildPhase section */

/* Begin PBXSourcesBuildPhase section */
		81065FF32613F55A00B4BB76 /* Sources */ = {
			isa = PBXSourcesBuildPhase;
			buildActionMask = 2147483647;
			files = (
				81D2A979261D34840016961D /* MovieResult.swift in Sources */,
				81065FFF2613F55A00B4BB76 /* ViewController.swift in Sources */,
				81065FFB2613F55A00B4BB76 /* AppDelegate.swift in Sources */,
				810660132614006A00B4BB76 /* DetailViewController.swift in Sources */,
				810660102613FBE400B4BB76 /* MovieCell.swift in Sources */,
				81D2A976261D34240016961D /* MoviesJSON.swift in Sources */,
				81065FFD2613F55A00B4BB76 /* SceneDelegate.swift in Sources */,
			);
			runOnlyForDeploymentPostprocessing = 0;
		};
/* End PBXSourcesBuildPhase section */

/* Begin PBXVariantGroup section */
		810660002613F55A00B4BB76 /* Main.storyboard */ = {
			isa = PBXVariantGroup;
			children = (
				810660012613F55A00B4BB76 /* Base */,
			);
			name = Main.storyboard;
			sourceTree = "<group>";
		};
		810660052613F55E00B4BB76 /* LaunchScreen.storyboard */ = {
			isa = PBXVariantGroup;
			children = (
				810660062613F55E00B4BB76 /* Base */,
			);
			name = LaunchScreen.storyboard;
			sourceTree = "<group>";
		};
/* End PBXVariantGroup section */

/* Begin XCBuildConfiguration section */
		810660092613F55E00B4BB76 /* Debug */ = {
			isa = XCBuildConfiguration;
			buildSettings = {
				ALWAYS_SEARCH_USER_PATHS = NO;
				CLANG_ANALYZER_NONNULL = YES;
				CLANG_ANALYZER_NUMBER_OBJECT_CONVERSION = YES_AGGRESSIVE;
				CLANG_CXX_LANGUAGE_STANDARD = "gnu++14";
				CLANG_CXX_LIBRARY = "libc++";
				CLANG_ENABLE_MODULES = YES;
				CLANG_ENABLE_OBJC_ARC = YES;
				CLANG_ENABLE_OBJC_WEAK = YES;
				CLANG_WARN_BLOCK_CAPTURE_AUTORELEASING = YES;
				CLANG_WARN_BOOL_CONVERSION = YES;
				CLANG_WARN_COMMA = YES;
				CLANG_WARN_CONSTANT_CONVERSION = YES;
				CLANG_WARN_DEPRECATED_OBJC_IMPLEMENTATIONS = YES;
				CLANG_WARN_DIRECT_OBJC_ISA_USAGE = YES_ERROR;
				CLANG_WARN_DOCUMENTATION_COMMENTS = YES;
				CLANG_WARN_EMPTY_BODY = YES;
				CLANG_WARN_ENUM_CONVERSION = YES;
				CLANG_WARN_INFINITE_RECURSION = YES;
				CLANG_WARN_INT_CONVERSION = YES;
				CLANG_WARN_NON_LITERAL_NULL_CONVERSION = YES;
				CLANG_WARN_OBJC_IMPLICIT_RETAIN_SELF = YES;
				CLANG_WARN_OBJC_LITERAL_CONVERSION = YES;
				CLANG_WARN_OBJC_ROOT_CLASS = YES_ERROR;
				CLANG_WARN_QUOTED_INCLUDE_IN_FRAMEWORK_HEADER = YES;
				CLANG_WARN_RANGE_LOOP_ANALYSIS = YES;
				CLANG_WARN_STRICT_PROTOTYPES = YES;
				CLANG_WARN_SUSPICIOUS_MOVE = YES;
				CLANG_WARN_UNGUARDED_AVAILABILITY = YES_AGGRESSIVE;
				CLANG_WARN_UNREACHABLE_CODE = YES;
				CLANG_WARN__DUPLICATE_METHOD_MATCH = YES;
				COPY_PHASE_STRIP = NO;
				DEBUG_INFORMATION_FORMAT = dwarf;
				ENABLE_STRICT_OBJC_MSGSEND = YES;
				ENABLE_TESTABILITY = YES;
				GCC_C_LANGUAGE_STANDARD = gnu11;
				GCC_DYNAMIC_NO_PIC = NO;
				GCC_NO_COMMON_BLOCKS = YES;
				GCC_OPTIMIZATION_LEVEL = 0;
				GCC_PREPROCESSOR_DEFINITIONS = (
					"DEBUG=1",
					"$(inherited)",
				);
				GCC_WARN_64_TO_32_BIT_CONVERSION = YES;
				GCC_WARN_ABOUT_RETURN_TYPE = YES_ERROR;
				GCC_WARN_UNDECLARED_SELECTOR = YES;
				GCC_WARN_UNINITIALIZED_AUTOS = YES_AGGRESSIVE;
				GCC_WARN_UNUSED_FUNCTION = YES;
				GCC_WARN_UNUSED_VARIABLE = YES;
				IPHONEOS_DEPLOYMENT_TARGET = 14.4;
				MTL_ENABLE_DEBUG_INFO = INCLUDE_SOURCE;
				MTL_FAST_MATH = YES;
				ONLY_ACTIVE_ARCH = YES;
				SDKROOT = iphoneos;
				SWIFT_ACTIVE_COMPILATION_CONDITIONS = DEBUG;
				SWIFT_OPTIMIZATION_LEVEL = "-Onone";
			};
			name = Debug;
		};
		8106600A2613F55E00B4BB76 /* Release */ = {
			isa = XCBuildConfiguration;
			buildSettings = {
				ALWAYS_SEARCH_USER_PATHS = NO;
				CLANG_ANALYZER_NONNULL = YES;
				CLANG_ANALYZER_NUMBER_OBJECT_CONVERSION = YES_AGGRESSIVE;
				CLANG_CXX_LANGUAGE_STANDARD = "gnu++14";
				CLANG_CXX_LIBRARY = "libc++";
				CLANG_ENABLE_MODULES = YES;
				CLANG_ENABLE_OBJC_ARC = YES;
				CLANG_ENABLE_OBJC_WEAK = YES;
				CLANG_WARN_BLOCK_CAPTURE_AUTORELEASING = YES;
				CLANG_WARN_BOOL_CONVERSION = YES;
				CLANG_WARN_COMMA = YES;
				CLANG_WARN_CONSTANT_CONVERSION = YES;
				CLANG_WARN_DEPRECATED_OBJC_IMPLEMENTATIONS = YES;
				CLANG_WARN_DIRECT_OBJC_ISA_USAGE = YES_ERROR;
				CLANG_WARN_DOCUMENTATION_COMMENTS = YES;
				CLANG_WARN_EMPTY_BODY = YES;
				CLANG_WARN_ENUM_CONVERSION = YES;
				CLANG_WARN_INFINITE_RECURSION = YES;
				CLANG_WARN_INT_CONVERSION = YES;
				CLANG_WARN_NON_LITERAL_NULL_CONVERSION = YES;
				CLANG_WARN_OBJC_IMPLICIT_RETAIN_SELF = YES;
				CLANG_WARN_OBJC_LITERAL_CONVERSION = YES;
				CLANG_WARN_OBJC_ROOT_CLASS = YES_ERROR;
				CLANG_WARN_QUOTED_INCLUDE_IN_FRAMEWORK_HEADER = YES;
				CLANG_WARN_RANGE_LOOP_ANALYSIS = YES;
				CLANG_WARN_STRICT_PROTOTYPES = YES;
				CLANG_WARN_SUSPICIOUS_MOVE = YES;
				CLANG_WARN_UNGUARDED_AVAILABILITY = YES_AGGRESSIVE;
				CLANG_WARN_UNREACHABLE_CODE = YES;
				CLANG_WARN__DUPLICATE_METHOD_MATCH = YES;
				COPY_PHASE_STRIP = NO;
				DEBUG_INFORMATION_FORMAT = "dwarf-with-dsym";
				ENABLE_NS_ASSERTIONS = NO;
				ENABLE_STRICT_OBJC_MSGSEND = YES;
				GCC_C_LANGUAGE_STANDARD = gnu11;
				GCC_NO_COMMON_BLOCKS = YES;
				GCC_WARN_64_TO_32_BIT_CONVERSION = YES;
				GCC_WARN_ABOUT_RETURN_TYPE = YES_ERROR;
				GCC_WARN_UNDECLARED_SELECTOR = YES;
				GCC_WARN_UNINITIALIZED_AUTOS = YES_AGGRESSIVE;
				GCC_WARN_UNUSED_FUNCTION = YES;
				GCC_WARN_UNUSED_VARIABLE = YES;
				IPHONEOS_DEPLOYMENT_TARGET = 14.4;
				MTL_ENABLE_DEBUG_INFO = NO;
				MTL_FAST_MATH = YES;
				SDKROOT = iphoneos;
				SWIFT_COMPILATION_MODE = wholemodule;
				SWIFT_OPTIMIZATION_LEVEL = "-O";
				VALIDATE_PRODUCT = YES;
			};
			name = Release;
		};
		8106600C2613F55E00B4BB76 /* Debug */ = {
			isa = XCBuildConfiguration;
			buildSettings = {
				ASSETCATALOG_COMPILER_APPICON_NAME = AppIcon;
				ASSETCATALOG_COMPILER_GLOBAL_ACCENT_COLOR_NAME = AccentColor;
				CODE_SIGN_STYLE = Automatic;
				DEVELOPMENT_TEAM = 7L7CNHNYM8;
				INFOPLIST_FILE = RUMADMoviesApp/Info.plist;
				LD_RUNPATH_SEARCH_PATHS = (
					"$(inherited)",
					"@executable_path/Frameworks",
				);
				PRODUCT_BUNDLE_IDENTIFIER = com.example.RUMADMoviesApp;
				PRODUCT_NAME = "$(TARGET_NAME)";
				SWIFT_VERSION = 5.0;
				TARGETED_DEVICE_FAMILY = "1,2";
			};
			name = Debug;
		};
		8106600D2613F55E00B4BB76 /* Release */ = {
			isa = XCBuildConfiguration;
			buildSettings = {
				ASSETCATALOG_COMPILER_APPICON_NAME = AppIcon;
				ASSETCATALOG_COMPILER_GLOBAL_ACCENT_COLOR_NAME = AccentColor;
				CODE_SIGN_STYLE = Automatic;
				DEVELOPMENT_TEAM = 7L7CNHNYM8;
				INFOPLIST_FILE = RUMADMoviesApp/Info.plist;
				LD_RUNPATH_SEARCH_PATHS = (
					"$(inherited)",
					"@executable_path/Frameworks",
				);
				PRODUCT_BUNDLE_IDENTIFIER = com.example.RUMADMoviesApp;
				PRODUCT_NAME = "$(TARGET_NAME)";
				SWIFT_VERSION = 5.0;
				TARGETED_DEVICE_FAMILY = "1,2";
			};
			name = Release;
		};
/* End XCBuildConfiguration section */

/* Begin XCConfigurationList section */
		81065FF22613F55A00B4BB76 /* Build configuration list for PBXProject "RUMADMoviesApp" */ = {
			isa = XCConfigurationList;
			buildConfigurations = (
				810660092613F55E00B4BB76 /* Debug */,
				8106600A2613F55E00B4BB76 /* Release */,
			);
			defaultConfigurationIsVisible = 0;
			defaultConfigurationName = Release;
		};
		8106600B2613F55E00B4BB76 /* Build configuration list for PBXNativeTarget "RUMADMoviesApp" */ = {
			isa = XCConfigurationList;
			buildConfigurations = (
				8106600C2613F55E00B4BB76 /* Debug */,
				8106600D2613F55E00B4BB76 /* Release */,
			);
			defaultConfigurationIsVisible = 0;
			defaultConfigurationName = Release;
		};
/* End XCConfigurationList section */
	};
	rootObject = 81065FEF2613F55A00B4BB76 /* Project object */;
}
